codeberg.org/eduVPN/proxyguard v0.0.0-20240205164155-9d29686c075b h1:hAyBAwMp6a7h3BkW22Tc1DnEfisnQoVnHNYIza9dDv8=
codeberg.org/eduVPN/proxyguard v0.0.0-20240205164155-9d29686c075b/go.mod h1:fc7DsdgdLmrO7DN45HNp+ekVewlRcikSOkAvUeGUvWk=
codeberg.org/eduVPN/proxyguard v0.0.0-20240212184049-5542918494e1 h1:UatZp7zXr4dhj49RX4W8Le6iP4FlLAuwH+Af4EYRWHQ=
codeberg.org/eduVPN/proxyguard v0.0.0-20240212184049-5542918494e1/go.mod h1:fc7DsdgdLmrO7DN45HNp+ekVewlRcikSOkAvUeGUvWk=
codeberg.org/eduVPN/proxyguard v0.0.0-20240213150724-adfa5487640a h1:OH5xfNALCNHysHxYgTQy5qL4MT91cN7/lwtc4bzchQo=
codeberg.org/eduVPN/proxyguard v0.0.0-20240213150724-adfa5487640a/go.mod h1:fc7DsdgdLmrO7DN45HNp+ekVewlRcikSOkAvUeGUvWk=
github.com/google/go-cmp v0.5.9 h1:O2Tfq5qg4qc4AmwVlvv0oLiVAGB7enBSJ2x2DqQFi38=
github.com/jedisct1/go-minisign v0.0.0-20230811132847-661be99b8267 h1:TMtDYDHKYY15rFihtRfck/bfFqNfvcabqvXAFQfAUpY=
github.com/jedisct1/go-minisign v0.0.0-20230811132847-661be99b8267/go.mod h1:h1nSAbGFqGVzn6Jyl1R/iCcBUHN4g+gW1u9CoBTrb9E=
github.com/jwijenbergh/eduoauth-go v0.0.0-20240117121747-dc6367875133 h1:kQh66Onvw9hAVBsSMLKIeKOgOtdQIwwGd2F8wVuUPRA=
github.com/jwijenbergh/eduoauth-go v0.0.0-20240117121747-dc6367875133/go.mod h1:HidfCfBBI7U0edu2f0tNM/4/kkm4pD+nrp6IlANo214=
github.com/jwijenbergh/eduoauth-go v0.0.0-20240212100048-b546425b96d2 h1:MT2URyOTQ+45wzKl2oW5Zf+p35gnVMFOc8K7QfriQAA=
github.com/jwijenbergh/eduoauth-go v0.0.0-20240212100048-b546425b96d2/go.mod h1:HidfCfBBI7U0edu2f0tNM/4/kkm4pD+nrp6IlANo214=
github.com/jwijenbergh/eduoauth-go v0.0.0-20240212102633-770ef228bd93 h1:exaMeJMSv4RCyjM/AKqcP9cdxzGsGrzd2XSLSUjOsrk=
github.com/jwijenbergh/eduoauth-go v0.0.0-20240212102633-770ef228bd93/go.mod h1:HidfCfBBI7U0edu2f0tNM/4/kkm4pD+nrp6IlANo214=
github.com/pkg/browser v0.0.0-20240102092130-5ac0b6a4141c h1:+mdjkGKdHQG3305AYmdv1U2eRNDiU2ErMBj1gwrq8eQ=
github.com/pkg/browser v0.0.0-20240102092130-5ac0b6a4141c/go.mod h1:7rwL4CYBLnjLxUqIJNnCWiEdr3bn6IUYi15bNlnbCCU=
golang.org/x/crypto v0.18.0 h1:PGVlW0xEltQnzFZ55hkuX5+KLyrMYhHld1YHO4AKcdc=
golang.org/x/crypto v0.18.0/go.mod h1:R0j02AL6hcrfOiy9T4ZYp/rcWeMxM3L6QYxlOuEG1mg=
golang.org/x/crypto v0.19.0 h1:ENy+Az/9Y1vSrlrvBSyna3PITt4tiZLf7sgCjZBX7Wo=
golang.org/x/crypto v0.19.0/go.mod h1:Iy9bg/ha4yyC70EfRS8jz+B6ybOBKMaSxLj6P6oBDfU=
golang.org/x/net v0.20.0 h1:aCL9BSgETF1k+blQaYUBx9hJ9LOGP3gAVemcZlf1Kpo=
golang.org/x/net v0.20.0/go.mod h1:z8BVo6PvndSri0LbOE3hAn0apkU+1YvI6E70E9jsnvY=
golang.org/x/net v0.21.0 h1:AQyQV4dYCvJ7vGmJyKki9+PBdyvhkSd8EIx/qb0AYv4=
golang.org/x/net v0.21.0/go.mod h1:bIjVDfnllIU7BJ2DNgfnXvpSvtn8VRwhlsaeUTyUS44=
golang.org/x/sys v0.1.0/go.mod h1:oPkhp1MJrh7nUepCBck5+mAzfO9JrbApNNgaTdGDITg=
golang.org/x/sys v0.16.0 h1:xWw16ngr6ZMtmxDyKyIgsE93KNKz5HKmMa3b8ALHidU=
golang.org/x/sys v0.16.0/go.mod h1:/VUhepiaJMQUp4+oa/7Zr1D23ma6VTLIYjOOTFZPUcA=
golang.org/x/sys v0.17.0 h1:25cE3gD+tdBA7lp7QfhuV+rJiE9YXTcS3VG1SqssI/Y=
golang.org/x/sys v0.17.0/go.mod h1:/VUhepiaJMQUp4+oa/7Zr1D23ma6VTLIYjOOTFZPUcA=
golang.org/x/text v0.14.0 h1:ScX5w1eTa3QqT8oi6+ziP7dTV1S2+ALU0bI+0zXKWiQ=
golang.org/x/text v0.14.0/go.mod h1:18ZOQIKpY8NJVqYksKHtTdi31H5itFRjB5/qKTNYzSU=
golang.zx2c4.com/wireguard/wgctrl v0.0.0-20230429144221-925a1e7659e6 h1:CawjfCvYQH2OU3/TnxLx97WDSUDRABfT18pCOYwc2GE=
golang.zx2c4.com/wireguard/wgctrl v0.0.0-20230429144221-925a1e7659e6/go.mod h1:3rxYc4HtVcSG9gVaTs2GEBdehh+sYPOwKtyUWEOTb80=
