codeberg.org/eduVPN/proxyguard v0.0.0-20240307130342-c5ee3ef1e3ae h1:u4BZ3FOY8szy2lHD6xDYyzcLAAzW3qC48B0OKz33VFk=
codeberg.org/eduVPN/proxyguard v0.0.0-20240307130342-c5ee3ef1e3ae/go.mod h1:fc7DsdgdLmrO7DN45HNp+ekVewlRcikSOkAvUeGUvWk=
codeberg.org/eduVPN/proxyguard v0.0.0-20240415114126-46501274d995 h1:LWfG7+M2S5t5qIDP8woC74xSrP4HaRnlke2N9GHjCR0=
codeberg.org/eduVPN/proxyguard v0.0.0-20240415114126-46501274d995/go.mod h1:fc7DsdgdLmrO7DN45HNp+ekVewlRcikSOkAvUeGUvWk=
codeberg.org/eduVPN/proxyguard v0.0.0-20240503081809-7a66ae6a0c71 h1:ZlfV/SyQw5Ghdoy0sCswsxhmtnHDkIwcIJcpH3RpeJg=
codeberg.org/eduVPN/proxyguard v0.0.0-20240503081809-7a66ae6a0c71/go.mod h1:fc7DsdgdLmrO7DN45HNp+ekVewlRcikSOkAvUeGUvWk=
codeberg.org/eduVPN/proxyguard v0.0.0-20240702093453-d36a0e1819c1 h1:ma/pIMy0ZfPwi2Dj7vaaV4uQKjkfLvfFB2SB85vfa6M=
codeberg.org/eduVPN/proxyguard v0.0.0-20240702093453-d36a0e1819c1/go.mod h1:fc7DsdgdLmrO7DN45HNp+ekVewlRcikSOkAvUeGUvWk=
codeberg.org/eduVPN/proxyguard v0.0.0-20240717121319-c80d3bd681d6 h1:SraE4iJ5ctet/cytU1ApMFaSBW/DeyTTo0eLnDDc5Lg=
codeberg.org/eduVPN/proxyguard v0.0.0-20240717121319-c80d3bd681d6/go.mod h1:fc7DsdgdLmrO7DN45HNp+ekVewlRcikSOkAvUeGUvWk=
codeberg.org/eduVPN/proxyguard v0.0.0-20240723101427-d0b2383c372c h1:C+CRKtZb8pEdNsaZuvheoTInlEUFqtOpF0lUvreD79Q=
codeberg.org/eduVPN/proxyguard v0.0.0-20240723101427-d0b2383c372c/go.mod h1:fc7DsdgdLmrO7DN45HNp+ekVewlRcikSOkAvUeGUvWk=
codeberg.org/eduVPN/proxyguard v0.0.0-20240924084349-c0250730030d h1:Vgak68rEnG1+dbarzckv3yvQeHI+tlGIvKy7opS5DKs=
codeberg.org/eduVPN/proxyguard v0.0.0-20240924084349-c0250730030d/go.mod h1:fc7DsdgdLmrO7DN45HNp+ekVewlRcikSOkAvUeGUvWk=
codeberg.org/eduVPN/proxyguard v0.0.0-20241028155505-e9ee8522373e h1:YdupOqJKsVGJf9cgjGbMk8/DDQZp/YdlsYB7sTX7iMs=
codeberg.org/eduVPN/proxyguard v0.0.0-20241028155505-e9ee8522373e/go.mod h1:fc7DsdgdLmrO7DN45HNp+ekVewlRcikSOkAvUeGUvWk=
github.com/jedisct1/go-minisign v0.0.0-20230811132847-661be99b8267 h1:TMtDYDHKYY15rFihtRfck/bfFqNfvcabqvXAFQfAUpY=
github.com/jedisct1/go-minisign v0.0.0-20230811132847-661be99b8267/go.mod h1:h1nSAbGFqGVzn6Jyl1R/iCcBUHN4g+gW1u9CoBTrb9E=
github.com/jwijenbergh/eduoauth-go v0.0.0-20240315135955-9f1f5b2fd78e h1:KOWbMxOd6qRF6Zw7PfDwUy0HFhks1KXU/7ai98WKFVY=
github.com/jwijenbergh/eduoauth-go v0.0.0-20240315135955-9f1f5b2fd78e/go.mod h1:HidfCfBBI7U0edu2f0tNM/4/kkm4pD+nrp6IlANo214=
github.com/jwijenbergh/eduoauth-go v0.0.0-20240506124134-e8d0a01a14fe h1:1QhrvvWU5HIMXyOt3P3+zBlfPI0OwAIJUDeVPVZA/II=
github.com/jwijenbergh/eduoauth-go v0.0.0-20240506124134-e8d0a01a14fe/go.mod h1:HidfCfBBI7U0edu2f0tNM/4/kkm4pD+nrp6IlANo214=
github.com/jwijenbergh/eduoauth-go v0.0.0-20240524103443-e82d059c1099 h1:U3qfH4AF9JkJ0ngKPADWUzjxRNFm2Bj5j+XqFMjMRFo=
github.com/jwijenbergh/eduoauth-go v0.0.0-20240524103443-e82d059c1099/go.mod h1:HidfCfBBI7U0edu2f0tNM/4/kkm4pD+nrp6IlANo214=
github.com/jwijenbergh/eduoauth-go v0.0.0-20240524103755-aef66b41e1c2 h1:5HYUrqG2CqPdlqKJqtGgYC1u/5qX8xGQMPdw7RuctIM=
github.com/jwijenbergh/eduoauth-go v0.0.0-20240524103755-aef66b41e1c2/go.mod h1:HidfCfBBI7U0edu2f0tNM/4/kkm4pD+nrp6IlANo214=
github.com/jwijenbergh/eduoauth-go v1.0.0 h1:3L5OxtTK6QsmUHsZ2e1ygBCsVIVC949V96DYWBCW8jY=
github.com/jwijenbergh/eduoauth-go v1.0.0/go.mod h1:HidfCfBBI7U0edu2f0tNM/4/kkm4pD+nrp6IlANo214=
github.com/jwijenbergh/eduoauth-go v1.1.0 h1:CBaV318yPtwhCiEfRTOsdZv1vYCvjDbal6xkGh6J9P8=
github.com/jwijenbergh/eduoauth-go v1.1.0/go.mod h1:HidfCfBBI7U0edu2f0tNM/4/kkm4pD+nrp6IlANo214=
github.com/jwijenbergh/eduoauth-go v1.1.1 h1:aJcvrnZ3sNnwDEAetuQ3rtsEI/RyCNgWFuw5jxK8aTo=
github.com/jwijenbergh/eduoauth-go v1.1.1/go.mod h1:HidfCfBBI7U0edu2f0tNM/4/kkm4pD+nrp6IlANo214=
github.com/pkg/browser v0.0.0-20240102092130-5ac0b6a4141c h1:+mdjkGKdHQG3305AYmdv1U2eRNDiU2ErMBj1gwrq8eQ=
github.com/pkg/browser v0.0.0-20240102092130-5ac0b6a4141c/go.mod h1:7rwL4CYBLnjLxUqIJNnCWiEdr3bn6IUYi15bNlnbCCU=
golang.org/x/crypto v0.21.0 h1:X31++rzVUdKhX5sWmSOFZxx8UW/ldWx55cbf08iNAMA=
golang.org/x/crypto v0.21.0/go.mod h1:0BP7YvVV9gBbVKyeTG0Gyn+gZm94bibOW5BjDEYAOMs=
golang.org/x/crypto v0.22.0 h1:g1v0xeRhjcugydODzvb3mEM9SQ0HGp9s/nh3COQ/C30=
golang.org/x/crypto v0.22.0/go.mod h1:vr6Su+7cTlO45qkww3VDJlzDn0ctJvRgYbC2NvXHt+M=
golang.org/x/crypto v0.23.0 h1:dIJU/v2J8Mdglj/8rJ6UUOM3Zc9zLZxVZwwxMooUSAI=
golang.org/x/crypto v0.23.0/go.mod h1:CKFgDieR+mRhux2Lsu27y0fO304Db0wZe70UKqHu0v8=
golang.org/x/crypto v0.25.0 h1:ypSNr+bnYL2YhwoMt2zPxHFmbAN1KZs/njMG3hxUp30=
golang.org/x/crypto v0.25.0/go.mod h1:T+wALwcMOSE0kXgUAnPAHqTLW+XHgcELELW8VaDgm/M=
golang.org/x/crypto v0.27.0 h1:GXm2NjJrPaiv/h1tb2UH8QfgC/hOf/+z0p6PT8o1w7A=
golang.org/x/crypto v0.27.0/go.mod h1:1Xngt8kV6Dvbssa53Ziq6Eqn0HqbZi5Z6R0ZpwQzt70=
golang.org/x/crypto v0.28.0 h1:GBDwsMXVQi34v5CCYUm2jkJvu4cbtru2U4TN2PSyQnw=
golang.org/x/crypto v0.28.0/go.mod h1:rmgy+3RHxRZMyY0jjAJShp2zgEdOqj2AO7U0pYmeQ7U=
golang.org/x/mod v0.8.0 h1:LUYupSeNrTNCGzR/hVBk2NHZO4hXcVaW1k4Qx7rjPx8=
golang.org/x/mod v0.8.0/go.mod h1:iBbtSCu2XBx23ZKBPSOrRkjjQPZFPuis4dIYUhu/chs=
golang.org/x/mod v0.15.0 h1:SernR4v+D55NyBH2QiEQrlBAnj1ECL6AGrA5+dPaMY8=
golang.org/x/mod v0.15.0/go.mod h1:hTbmBsO62+eylJbnUtE2MGJUyE7QWk4xUqPFrRgJ+7c=
golang.org/x/mod v0.17.0 h1:zY54UmvipHiNd+pm+m0x9KhZ9hl1/7QNMyxXbc6ICqA=
golang.org/x/mod v0.17.0/go.mod h1:hTbmBsO62+eylJbnUtE2MGJUyE7QWk4xUqPFrRgJ+7c=
golang.org/x/net v0.22.0 h1:9sGLhx7iRIHEiX0oAJ3MRZMUCElJgy7Br1nO+AMN3Tc=
golang.org/x/net v0.22.0/go.mod h1:JKghWKKOSdJwpW2GEx0Ja7fmaKnMsbu+MWVZTokSYmg=
golang.org/x/net v0.24.0 h1:1PcaxkF854Fu3+lvBIx5SYn9wRlBzzcnHZSiaFFAb0w=
golang.org/x/net v0.24.0/go.mod h1:2Q7sJY5mzlzWjKtYUEXSlBWCdyaioyXzRB2RtU8KVE8=
golang.org/x/net v0.25.0 h1:d/OCCoBEUq33pjydKrGQhw7IlUPI2Oylr+8qLx49kac=
golang.org/x/net v0.25.0/go.mod h1:JkAGAh7GEvH74S6FOH42FLoXpXbE/aqXSrIQjXgsiwM=
golang.org/x/net v0.27.0 h1:5K3Njcw06/l2y9vpGCSdcxWOYHOUk3dVNGDXN+FvAys=
golang.org/x/net v0.27.0/go.mod h1:dDi0PyhWNoiUOrAS8uXv/vnScO4wnHQO4mj9fn/RytE=
golang.org/x/net v0.29.0 h1:5ORfpBpCs4HzDYoodCDBbwHzdR5UrLBZ3sOnUJmFoHo=
golang.org/x/net v0.29.0/go.mod h1:gLkgy8jTGERgjzMic6DS9+SP0ajcu6Xu3Orq/SpETg0=
golang.org/x/net v0.30.0 h1:AcW1SDZMkb8IpzCdQUaIq2sP4sZ4zw+55h6ynffypl4=
golang.org/x/net v0.30.0/go.mod h1:2wGyMJ5iFasEhkwi13ChkO/t1ECNC4X4eBKkVFyYFlU=
golang.org/x/sync v0.7.0 h1:YsImfSBoP9QPYL0xyKJPq0gcaJdG3rInoqxTWbfQu9M=
golang.org/x/sync v0.7.0/go.mod h1:Czt+wKu1gCyEFDUtn0jG5QVvpJ6rzVqr5aXyt9drQfk=
golang.org/x/sync v0.8.0 h1:3NFvSEYkUoMifnESzZl15y791HH1qU2xm6eCJU5ZPXQ=
golang.org/x/sync v0.8.0/go.mod h1:Czt+wKu1gCyEFDUtn0jG5QVvpJ6rzVqr5aXyt9drQfk=
golang.org/x/sys v0.1.0/go.mod h1:oPkhp1MJrh7nUepCBck5+mAzfO9JrbApNNgaTdGDITg=
golang.org/x/sys v0.18.0 h1:DBdB3niSjOA/O0blCZBqDefyWNYveAYMNF1Wum0DYQ4=
golang.org/x/sys v0.18.0/go.mod h1:/VUhepiaJMQUp4+oa/7Zr1D23ma6VTLIYjOOTFZPUcA=
golang.org/x/sys v0.19.0 h1:q5f1RH2jigJ1MoAWp2KTp3gm5zAGFUTarQZ5U386+4o=
golang.org/x/sys v0.19.0/go.mod h1:/VUhepiaJMQUp4+oa/7Zr1D23ma6VTLIYjOOTFZPUcA=
golang.org/x/sys v0.20.0 h1:Od9JTbYCk261bKm4M/mw7AklTlFYIa0bIp9BgSm1S8Y=
golang.org/x/sys v0.20.0/go.mod h1:/VUhepiaJMQUp4+oa/7Zr1D23ma6VTLIYjOOTFZPUcA=
golang.org/x/sys v0.22.0 h1:RI27ohtqKCnwULzJLqkv897zojh5/DwS/ENaMzUOaWI=
golang.org/x/sys v0.22.0/go.mod h1:/VUhepiaJMQUp4+oa/7Zr1D23ma6VTLIYjOOTFZPUcA=
golang.org/x/sys v0.25.0 h1:r+8e+loiHxRqhXVl6ML1nO3l1+oFoWbnlu2Ehimmi34=
golang.org/x/sys v0.25.0/go.mod h1:/VUhepiaJMQUp4+oa/7Zr1D23ma6VTLIYjOOTFZPUcA=
golang.org/x/sys v0.26.0 h1:KHjCJyddX0LoSTb3J+vWpupP9p0oznkqVk/IfjymZbo=
golang.org/x/sys v0.26.0/go.mod h1:/VUhepiaJMQUp4+oa/7Zr1D23ma6VTLIYjOOTFZPUcA=
golang.org/x/text v0.14.0 h1:ScX5w1eTa3QqT8oi6+ziP7dTV1S2+ALU0bI+0zXKWiQ=
golang.org/x/text v0.14.0/go.mod h1:18ZOQIKpY8NJVqYksKHtTdi31H5itFRjB5/qKTNYzSU=
golang.org/x/text v0.15.0 h1:h1V/4gjBv8v9cjcR6+AR5+/cIYK5N/WAgiv4xlsEtAk=
golang.org/x/text v0.15.0/go.mod h1:18ZOQIKpY8NJVqYksKHtTdi31H5itFRjB5/qKTNYzSU=
golang.org/x/text v0.16.0 h1:a94ExnEXNtEwYLGJSIUxnWoxoRz/ZcCsV63ROupILh4=
golang.org/x/text v0.16.0/go.mod h1:GhwF1Be+LQoKShO3cGOHzqOgRrGaYc9AvblQOmPVHnI=
golang.org/x/text v0.18.0 h1:XvMDiNzPAl0jr17s6W9lcaIhGUfUORdGCNsuLmPG224=
golang.org/x/text v0.18.0/go.mod h1:BuEKDfySbSR4drPmRPG/7iBdf8hvFMuRexcpahXilzY=
golang.org/x/text v0.19.0 h1:kTxAhCbGbxhK0IwgSKiMO5awPoDQ0RpfiVYBfK860YM=
golang.org/x/text v0.19.0/go.mod h1:BuEKDfySbSR4drPmRPG/7iBdf8hvFMuRexcpahXilzY=
golang.org/x/tools v0.6.0 h1:BOw41kyTf3PuCW1pVQf8+Cyg8pMlkYB1oo9iJ6D/lKM=
golang.org/x/tools v0.6.0/go.mod h1:Xwgl3UAJ/d3gWutnCtw505GrjyAbvKui8lOU390QaIU=
golang.org/x/tools v0.18.0 h1:k8NLag8AGHnn+PHbl7g43CtqZAwG60vZkLqgyZgIHgQ=
golang.org/x/tools v0.18.0/go.mod h1:GL7B4CwcLLeo59yx/9UWWuNOW1n3VZ4f5axWfML7Lcg=
golang.org/x/tools v0.21.1-0.20240508182429-e35e4ccd0d2d h1:vU5i/LfpvrRCpgM/VPfJLg5KjxD3E+hfT1SH+d9zLwg=
golang.org/x/tools v0.21.1-0.20240508182429-e35e4ccd0d2d/go.mod h1:aiJjzUbINMkxbQROHiO6hDPo2LHcIPhhQsa9DLh0yGk=
golang.zx2c4.com/wireguard/wgctrl v0.0.0-20230429144221-925a1e7659e6 h1:CawjfCvYQH2OU3/TnxLx97WDSUDRABfT18pCOYwc2GE=
golang.zx2c4.com/wireguard/wgctrl v0.0.0-20230429144221-925a1e7659e6/go.mod h1:3rxYc4HtVcSG9gVaTs2GEBdehh+sYPOwKtyUWEOTb80=
