
Microsoft Visual Studio Solution File, Format Version 12.00
Project("{FAE04EC0-301F-11D3-BF4B-00C04F79EFBC}") = "EduVpnCommon", "EduVpnCommon.csproj", "{D95F43A0-EF74-41FD-A526-8987151ABB30}"
EndProject
Project("{FAE04EC0-301F-11D3-BF4B-00C04F79EFBC}") = "EduVpnCommonTests", "EduVpnCommonTests/EduVpnCommonTests.csproj", "{B7A75F1A-C83F-4FAB-AD16-E9DB7EF58EBC}"
EndProject
Global
	GlobalSection(SolutionConfigurationPlatforms) = preSolution
		Debug|Any CPU = Debug|Any CPU
		Release|Any CPU = Release|Any CPU
	EndGlobalSection
	GlobalSection(ProjectConfigurationPlatforms) = postSolution
		{D95F43A0-EF74-41FD-A526-8987151ABB30}.Debug|Any CPU.ActiveCfg = Debug|Any CPU
		{D95F43A0-EF74-41FD-A526-8987151ABB30}.Debug|Any CPU.Build.0 = Debug|Any CPU
		{D95F43A0-EF74-41FD-A526-8987151ABB30}.Release|Any CPU.ActiveCfg = Release|Any CPU
		{D95F43A0-EF74-41FD-A526-8987151ABB30}.Release|Any CPU.Build.0 = Release|Any CPU
		{B7A75F1A-C83F-4FAB-AD16-E9DB7EF58EBC}.Debug|Any CPU.ActiveCfg = Debug|Any CPU
		{B7A75F1A-C83F-4FAB-AD16-E9DB7EF58EBC}.Debug|Any CPU.Build.0 = Debug|Any CPU
		{B7A75F1A-C83F-4FAB-AD16-E9DB7EF58EBC}.Release|Any CPU.ActiveCfg = Release|Any CPU
		{B7A75F1A-C83F-4FAB-AD16-E9DB7EF58EBC}.Release|Any CPU.Build.0 = Release|Any CPU
	EndGlobalSection
EndGlobal
